
Microsoft Visual Studio Solution File, Format Version 12.00
# Visual Studio Version 16
VisualStudioVersion = 16.0.32228.343
MinimumVisualStudioVersion = 10.0.40219.1
Project("{2150E333-8FDC-42A3-9474-1A3956D46DE8}") = "Services", "Services", "{FBD7E783-E140-4BDB-AA6C-322C6E7F68FA}"
EndProject
Project("{2150E333-8FDC-42A3-9474-1A3956D46DE8}") = "Nginx", "Nginx", "{8D6C6E9E-92F1-4D66-9F8D-D429DFFF075B}"
EndProject
Project("{2150E333-8FDC-42A3-9474-1A3956D46DE8}") = "WebApps", "WebApps", "{A98CB680-C8C4-4A96-B52B-EC9B2B4BEB8C}"
EndProject
Project("{2150E333-8FDC-42A3-9474-1A3956D46DE8}") = "Admin", "Admin", "{9A4CE11B-C18F-4B08-B959-F94BD188B751}"
EndProject
Project("{2150E333-8FDC-42A3-9474-1A3956D46DE8}") = "Admin.API", "Admin.API", "{25230E8D-5E7F-4110-8094-C84FE6C4315E}"
EndProject
Project("{9A19103F-16F7-4668-BE54-9A1E7A4F7556}") = "Admin.API", "Services\Admin\Admin.API\Admin.API.csproj", "{805F3360-98F4-46FF-896D-046ACBAB88C0}"
EndProject
Project("{2150E333-8FDC-42A3-9474-1A3956D46DE8}") = "Admin", "Admin", "{E290C798-EADD-4F96-8900-0B75DB600F15}"
	ProjectSection(SolutionItems) = preProject
		..\..\..\..\PycharmProjects\TaskBum\nginx\Dockerfile = ..\..\..\..\PycharmProjects\TaskBum\nginx\Dockerfile
		Nginx\Admin\nginx.conf = Nginx\Admin\nginx.conf
	EndProjectSection
EndProject
Project("{2150E333-8FDC-42A3-9474-1A3956D46DE8}") = "Shop", "Shop", "{52D18F00-851A-4AAF-AC0A-704B01293BE0}"
	ProjectSection(SolutionItems) = preProject
		..\..\..\..\PycharmProjects\TaskBum\nginx\Dockerfile = ..\..\..\..\PycharmProjects\TaskBum\nginx\Dockerfile
		Nginx\Shop\nginx.conf = Nginx\Shop\nginx.conf
	EndProjectSection
EndProject
Project("{E53339B2-1760-4266-BCC7-CA923CBCF16C}") = "docker-compose", "docker-compose.dcproj", "{F12FC4A9-2335-4666-8A06-FF4A2A218BE7}"
EndProject
Project("{2150E333-8FDC-42A3-9474-1A3956D46DE8}") = "Admin", "Admin", "{49A5CECF-F3E0-4BD3-99D8-9E35C54C0114}"
EndProject
Project("{2150E333-8FDC-42A3-9474-1A3956D46DE8}") = "Shop", "Shop", "{50F8B0FC-3469-4833-8C0E-084B6EFA7EE7}"
EndProject
Project("{2150E333-8FDC-42A3-9474-1A3956D46DE8}") = "Catalog", "Catalog", "{BD8AC5C9-F070-42CC-8680-DD036F0B6371}"
EndProject
Project("{9A19103F-16F7-4668-BE54-9A1E7A4F7556}") = "AdminWebApp", "WebApps\Admin\AdminWebApp\AdminWebApp.csproj", "{F152E9F6-D610-4992-96F0-00F47E416AAE}"
EndProject
Project("{2150E333-8FDC-42A3-9474-1A3956D46DE8}") = "BuildingBlocks", "BuildingBlocks", "{CD1627EA-565B-45CC-9F86-3F6ED6F0EBA6}"
EndProject
Project("{9A19103F-16F7-4668-BE54-9A1E7A4F7556}") = "EventBus.Messages", "BuildingBlocks\EventBus.Messages\EventBus.Messages.csproj", "{D5645C16-0377-4A17-A1EC-8C63AF7F63B8}"
EndProject
Project("{9A19103F-16F7-4668-BE54-9A1E7A4F7556}") = "ShopWebApp", "WebApps\Shop\ShopWebApp\ShopWebApp.csproj", "{434F4385-E32B-4D58-9995-013AF3E35A8D}"
EndProject
Project("{9A19103F-16F7-4668-BE54-9A1E7A4F7556}") = "Catalog.API", "Services\Catalog\Catalog.API\Catalog.API.csproj", "{2E7CE4AC-B16D-4071-8F5E-C718756E1578}"
EndProject
Project("{9A19103F-16F7-4668-BE54-9A1E7A4F7556}") = "Catalog.Worker", "Services\Catalog\Catalog.Worker\Catalog.Worker.csproj", "{20192BB7-9EC8-47EA-8D4A-7C1CFC60DA49}"
EndProject
Project("{2150E333-8FDC-42A3-9474-1A3956D46DE8}") = "Identity", "Identity", "{B174246A-1F15-4602-83FF-033770D79A3E}"
EndProject
Project("{9A19103F-16F7-4668-BE54-9A1E7A4F7556}") = "Identity.API", "Services\Identity\Identity.API\Identity.API.csproj", "{7E1F2026-AAAC-4140-A60C-427108064EC7}"
EndProject
Project("{9A19103F-16F7-4668-BE54-9A1E7A4F7556}") = "Identity.Core", "..\Identity.Core\Identity.Core.csproj", "{B07DF341-EAE6-48C2-BAF9-464AE4F9D9DD}"
EndProject
Project("{2150E333-8FDC-42A3-9474-1A3956D46DE8}") = "Identity4", "Identity4", "{D4299170-E604-4DED-ADA6-24CEDCAC60C6}"
EndProject
Project("{9A19103F-16F7-4668-BE54-9A1E7A4F7556}") = "Identity.API", "Services\Identity4\Identity.API\Identity.API.csproj", "{A6DA1352-B0D3-4154-A32B-01E4362A75D5}"
EndProject
Project("{2150E333-8FDC-42A3-9474-1A3956D46DE8}") = "Auth", "Auth", "{BC0AEAA0-027C-46B2-B534-D4C1FC7EDEE7}"
EndProject
Project("{9A19103F-16F7-4668-BE54-9A1E7A4F7556}") = "Auth.API", "Services\Auth\Auth.API\Auth.API.csproj", "{B0D868A3-A618-4A24-A526-FFDC18D8E658}"
EndProject
Project("{2150E333-8FDC-42A3-9474-1A3956D46DE8}") = "Auth", "Auth", "{63B8E19C-9270-4A1B-9FA2-1E8725B27A5A}"
EndProject
Project("{9A19103F-16F7-4668-BE54-9A1E7A4F7556}") = "AuthWebApp", "WebApps\Auth2\AuthWebApp\AuthWebApp.csproj", "{1D7D1A50-FB02-4901-AD19-54A0EEDA2D1E}"
EndProject
Project("{2150E333-8FDC-42A3-9474-1A3956D46DE8}") = "Basket", "Basket", "{20B20DC6-0AE6-4DB6-A67C-752992ACF811}"
EndProject
Project("{FAE04EC0-301F-11D3-BF4B-00C04F79EFBC}") = "Basket.API", "Services\Basket\Basket.API\Basket.API.csproj", "{8120B6AA-3753-4D43-BAF5-974D6154F10A}"
EndProject
Project("{FAE04EC0-301F-11D3-BF4B-00C04F79EFBC}") = "Basket.Worker", "Services\Basket\Basket.Worker\Basket.Worker.csproj", "{EC8A06A7-F7C9-42E6-805B-BF951CFE4F0A}"
EndProject
Global
	GlobalSection(SolutionConfigurationPlatforms) = preSolution
		Debug|Any CPU = Debug|Any CPU
		Release|Any CPU = Release|Any CPU
	EndGlobalSection
	GlobalSection(ProjectConfigurationPlatforms) = postSolution
		{805F3360-98F4-46FF-896D-046ACBAB88C0}.Debug|Any CPU.ActiveCfg = Debug|Any CPU
		{805F3360-98F4-46FF-896D-046ACBAB88C0}.Debug|Any CPU.Build.0 = Debug|Any CPU
		{805F3360-98F4-46FF-896D-046ACBAB88C0}.Release|Any CPU.ActiveCfg = Release|Any CPU
		{805F3360-98F4-46FF-896D-046ACBAB88C0}.Release|Any CPU.Build.0 = Release|Any CPU
		{F12FC4A9-2335-4666-8A06-FF4A2A218BE7}.Debug|Any CPU.ActiveCfg = Debug|Any CPU
		{F12FC4A9-2335-4666-8A06-FF4A2A218BE7}.Debug|Any CPU.Build.0 = Debug|Any CPU
		{F12FC4A9-2335-4666-8A06-FF4A2A218BE7}.Release|Any CPU.ActiveCfg = Release|Any CPU
		{F12FC4A9-2335-4666-8A06-FF4A2A218BE7}.Release|Any CPU.Build.0 = Release|Any CPU
		{F152E9F6-D610-4992-96F0-00F47E416AAE}.Debug|Any CPU.ActiveCfg = Debug|Any CPU
		{F152E9F6-D610-4992-96F0-00F47E416AAE}.Debug|Any CPU.Build.0 = Debug|Any CPU
		{F152E9F6-D610-4992-96F0-00F47E416AAE}.Release|Any CPU.ActiveCfg = Release|Any CPU
		{F152E9F6-D610-4992-96F0-00F47E416AAE}.Release|Any CPU.Build.0 = Release|Any CPU
		{D5645C16-0377-4A17-A1EC-8C63AF7F63B8}.Debug|Any CPU.ActiveCfg = Debug|Any CPU
		{D5645C16-0377-4A17-A1EC-8C63AF7F63B8}.Debug|Any CPU.Build.0 = Debug|Any CPU
		{D5645C16-0377-4A17-A1EC-8C63AF7F63B8}.Release|Any CPU.ActiveCfg = Release|Any CPU
		{D5645C16-0377-4A17-A1EC-8C63AF7F63B8}.Release|Any CPU.Build.0 = Release|Any CPU
		{434F4385-E32B-4D58-9995-013AF3E35A8D}.Debug|Any CPU.ActiveCfg = Debug|Any CPU
		{434F4385-E32B-4D58-9995-013AF3E35A8D}.Debug|Any CPU.Build.0 = Debug|Any CPU
		{434F4385-E32B-4D58-9995-013AF3E35A8D}.Release|Any CPU.ActiveCfg = Release|Any CPU
		{434F4385-E32B-4D58-9995-013AF3E35A8D}.Release|Any CPU.Build.0 = Release|Any CPU
		{2E7CE4AC-B16D-4071-8F5E-C718756E1578}.Debug|Any CPU.ActiveCfg = Debug|Any CPU
		{2E7CE4AC-B16D-4071-8F5E-C718756E1578}.Debug|Any CPU.Build.0 = Debug|Any CPU
		{2E7CE4AC-B16D-4071-8F5E-C718756E1578}.Release|Any CPU.ActiveCfg = Release|Any CPU
		{2E7CE4AC-B16D-4071-8F5E-C718756E1578}.Release|Any CPU.Build.0 = Release|Any CPU
		{20192BB7-9EC8-47EA-8D4A-7C1CFC60DA49}.Debug|Any CPU.ActiveCfg = Debug|Any CPU
		{20192BB7-9EC8-47EA-8D4A-7C1CFC60DA49}.Debug|Any CPU.Build.0 = Debug|Any CPU
		{20192BB7-9EC8-47EA-8D4A-7C1CFC60DA49}.Release|Any CPU.ActiveCfg = Release|Any CPU
		{20192BB7-9EC8-47EA-8D4A-7C1CFC60DA49}.Release|Any CPU.Build.0 = Release|Any CPU
		{7E1F2026-AAAC-4140-A60C-427108064EC7}.Debug|Any CPU.ActiveCfg = Debug|Any CPU
		{7E1F2026-AAAC-4140-A60C-427108064EC7}.Debug|Any CPU.Build.0 = Debug|Any CPU
		{7E1F2026-AAAC-4140-A60C-427108064EC7}.Release|Any CPU.ActiveCfg = Release|Any CPU
		{7E1F2026-AAAC-4140-A60C-427108064EC7}.Release|Any CPU.Build.0 = Release|Any CPU
		{B07DF341-EAE6-48C2-BAF9-464AE4F9D9DD}.Debug|Any CPU.ActiveCfg = Debug|Any CPU
		{B07DF341-EAE6-48C2-BAF9-464AE4F9D9DD}.Debug|Any CPU.Build.0 = Debug|Any CPU
		{B07DF341-EAE6-48C2-BAF9-464AE4F9D9DD}.Release|Any CPU.ActiveCfg = Release|Any CPU
		{B07DF341-EAE6-48C2-BAF9-464AE4F9D9DD}.Release|Any CPU.Build.0 = Release|Any CPU
		{A6DA1352-B0D3-4154-A32B-01E4362A75D5}.Debug|Any CPU.ActiveCfg = Debug|Any CPU
		{A6DA1352-B0D3-4154-A32B-01E4362A75D5}.Debug|Any CPU.Build.0 = Debug|Any CPU
		{A6DA1352-B0D3-4154-A32B-01E4362A75D5}.Release|Any CPU.ActiveCfg = Release|Any CPU
		{A6DA1352-B0D3-4154-A32B-01E4362A75D5}.Release|Any CPU.Build.0 = Release|Any CPU
		{B0D868A3-A618-4A24-A526-FFDC18D8E658}.Debug|Any CPU.ActiveCfg = Debug|Any CPU
		{B0D868A3-A618-4A24-A526-FFDC18D8E658}.Debug|Any CPU.Build.0 = Debug|Any CPU
		{B0D868A3-A618-4A24-A526-FFDC18D8E658}.Release|Any CPU.ActiveCfg = Release|Any CPU
		{B0D868A3-A618-4A24-A526-FFDC18D8E658}.Release|Any CPU.Build.0 = Release|Any CPU
		{1D7D1A50-FB02-4901-AD19-54A0EEDA2D1E}.Debug|Any CPU.ActiveCfg = Debug|Any CPU
		{1D7D1A50-FB02-4901-AD19-54A0EEDA2D1E}.Debug|Any CPU.Build.0 = Debug|Any CPU
		{1D7D1A50-FB02-4901-AD19-54A0EEDA2D1E}.Release|Any CPU.ActiveCfg = Release|Any CPU
		{1D7D1A50-FB02-4901-AD19-54A0EEDA2D1E}.Release|Any CPU.Build.0 = Release|Any CPU
		{8120B6AA-3753-4D43-BAF5-974D6154F10A}.Debug|Any CPU.ActiveCfg = Debug|Any CPU
		{8120B6AA-3753-4D43-BAF5-974D6154F10A}.Debug|Any CPU.Build.0 = Debug|Any CPU
		{8120B6AA-3753-4D43-BAF5-974D6154F10A}.Release|Any CPU.ActiveCfg = Release|Any CPU
		{8120B6AA-3753-4D43-BAF5-974D6154F10A}.Release|Any CPU.Build.0 = Release|Any CPU
		{EC8A06A7-F7C9-42E6-805B-BF951CFE4F0A}.Debug|Any CPU.ActiveCfg = Debug|Any CPU
		{EC8A06A7-F7C9-42E6-805B-BF951CFE4F0A}.Debug|Any CPU.Build.0 = Debug|Any CPU
		{EC8A06A7-F7C9-42E6-805B-BF951CFE4F0A}.Release|Any CPU.ActiveCfg = Release|Any CPU
		{EC8A06A7-F7C9-42E6-805B-BF951CFE4F0A}.Release|Any CPU.Build.0 = Release|Any CPU
	EndGlobalSection
	GlobalSection(SolutionProperties) = preSolution
		HideSolutionNode = FALSE
	EndGlobalSection
	GlobalSection(NestedProjects) = preSolution
		{9A4CE11B-C18F-4B08-B959-F94BD188B751} = {FBD7E783-E140-4BDB-AA6C-322C6E7F68FA}
		{25230E8D-5E7F-4110-8094-C84FE6C4315E} = {9A4CE11B-C18F-4B08-B959-F94BD188B751}
		{805F3360-98F4-46FF-896D-046ACBAB88C0} = {25230E8D-5E7F-4110-8094-C84FE6C4315E}
		{E290C798-EADD-4F96-8900-0B75DB600F15} = {8D6C6E9E-92F1-4D66-9F8D-D429DFFF075B}
		{52D18F00-851A-4AAF-AC0A-704B01293BE0} = {8D6C6E9E-92F1-4D66-9F8D-D429DFFF075B}
		{49A5CECF-F3E0-4BD3-99D8-9E35C54C0114} = {A98CB680-C8C4-4A96-B52B-EC9B2B4BEB8C}
		{50F8B0FC-3469-4833-8C0E-084B6EFA7EE7} = {A98CB680-C8C4-4A96-B52B-EC9B2B4BEB8C}
		{BD8AC5C9-F070-42CC-8680-DD036F0B6371} = {FBD7E783-E140-4BDB-AA6C-322C6E7F68FA}
		{F152E9F6-D610-4992-96F0-00F47E416AAE} = {49A5CECF-F3E0-4BD3-99D8-9E35C54C0114}
		{D5645C16-0377-4A17-A1EC-8C63AF7F63B8} = {CD1627EA-565B-45CC-9F86-3F6ED6F0EBA6}
		{434F4385-E32B-4D58-9995-013AF3E35A8D} = {50F8B0FC-3469-4833-8C0E-084B6EFA7EE7}
		{2E7CE4AC-B16D-4071-8F5E-C718756E1578} = {BD8AC5C9-F070-42CC-8680-DD036F0B6371}
		{20192BB7-9EC8-47EA-8D4A-7C1CFC60DA49} = {BD8AC5C9-F070-42CC-8680-DD036F0B6371}
		{B174246A-1F15-4602-83FF-033770D79A3E} = {FBD7E783-E140-4BDB-AA6C-322C6E7F68FA}
		{7E1F2026-AAAC-4140-A60C-427108064EC7} = {B174246A-1F15-4602-83FF-033770D79A3E}
		{B07DF341-EAE6-48C2-BAF9-464AE4F9D9DD} = {CD1627EA-565B-45CC-9F86-3F6ED6F0EBA6}
		{D4299170-E604-4DED-ADA6-24CEDCAC60C6} = {FBD7E783-E140-4BDB-AA6C-322C6E7F68FA}
		{A6DA1352-B0D3-4154-A32B-01E4362A75D5} = {D4299170-E604-4DED-ADA6-24CEDCAC60C6}
		{BC0AEAA0-027C-46B2-B534-D4C1FC7EDEE7} = {FBD7E783-E140-4BDB-AA6C-322C6E7F68FA}
		{B0D868A3-A618-4A24-A526-FFDC18D8E658} = {BC0AEAA0-027C-46B2-B534-D4C1FC7EDEE7}
		{63B8E19C-9270-4A1B-9FA2-1E8725B27A5A} = {A98CB680-C8C4-4A96-B52B-EC9B2B4BEB8C}
		{1D7D1A50-FB02-4901-AD19-54A0EEDA2D1E} = {63B8E19C-9270-4A1B-9FA2-1E8725B27A5A}
		{20B20DC6-0AE6-4DB6-A67C-752992ACF811} = {FBD7E783-E140-4BDB-AA6C-322C6E7F68FA}
		{8120B6AA-3753-4D43-BAF5-974D6154F10A} = {20B20DC6-0AE6-4DB6-A67C-752992ACF811}
		{EC8A06A7-F7C9-42E6-805B-BF951CFE4F0A} = {20B20DC6-0AE6-4DB6-A67C-752992ACF811}
	EndGlobalSection
	GlobalSection(ExtensibilityGlobals) = postSolution
		SolutionGuid = {745E67BC-1702-4799-B886-2F5D59F2AA03}
	EndGlobalSection
EndGlobal
